// !$*UTF8*$!
{
	archiveVersion = 1;
	classes = {
	};
	objectVersion = 55;
	objects = {

/* Begin PBXBuildFile section */
		ADFA209E274935CE0037197B /* AppDelegate.swift in Sources */ = {isa = PBXBuildFile; fileRef = ADFA209D274935CE0037197B /* AppDelegate.swift */; };
		ADFA20A0274935CE0037197B /* SceneDelegate.swift in Sources */ = {isa = PBXBuildFile; fileRef = ADFA209F274935CE0037197B /* SceneDelegate.swift */; };
		ADFA20A2274935CE0037197B /* ViewController.swift in Sources */ = {isa = PBXBuildFile; fileRef = ADFA20A1274935CE0037197B /* ViewController.swift */; };
		ADFA20A5274935CE0037197B /* Main.storyboard in Resources */ = {isa = PBXBuildFile; fileRef = ADFA20A3274935CE0037197B /* Main.storyboard */; };
		ADFA20A7274935CF0037197B /* Assets.xcassets in Resources */ = {isa = PBXBuildFile; fileRef = ADFA20A6274935CF0037197B /* Assets.xcassets */; };
		ADFA20AA274935CF0037197B /* LaunchScreen.storyboard in Resources */ = {isa = PBXBuildFile; fileRef = ADFA20A8274935CF0037197B /* LaunchScreen.storyboard */; };
		ADFA20B5274935D00037197B /* Quick_TipTests.swift in Sources */ = {isa = PBXBuildFile; fileRef = ADFA20B4274935D00037197B /* Quick_TipTests.swift */; };
		ADFA20BF274935D00037197B /* Quick_TipUITests.swift in Sources */ = {isa = PBXBuildFile; fileRef = ADFA20BE274935D00037197B /* Quick_TipUITests.swift */; };
		ADFA20C1274935D00037197B /* Quick_TipUITestsLaunchTests.swift in Sources */ = {isa = PBXBuildFile; fileRef = ADFA20C0274935D00037197B /* Quick_TipUITestsLaunchTests.swift */; };
		ADFA20CE2749595C0037197B /* SettingsViewController.swift in Sources */ = {isa = PBXBuildFile; fileRef = ADFA20CD2749595C0037197B /* SettingsViewController.swift */; };
/* End PBXBuildFile section */

/* Begin PBXContainerItemProxy section */
		ADFA20B1274935D00037197B /* PBXContainerItemProxy */ = {
			isa = PBXContainerItemProxy;
			containerPortal = ADFA2092274935CE0037197B /* Project object */;
			proxyType = 1;
			remoteGlobalIDString = ADFA2099274935CE0037197B;
			remoteInfo = "Quick Tip";
		};
		ADFA20BB274935D00037197B /* PBXContainerItemProxy */ = {
			isa = PBXContainerItemProxy;
			containerPortal = ADFA2092274935CE0037197B /* Project object */;
			proxyType = 1;
			remoteGlobalIDString = ADFA2099274935CE0037197B;
			remoteInfo = "Quick Tip";
		};
/* End PBXContainerItemProxy section */

/* Begin PBXFileReference section */
		ADFA209A274935CE0037197B /* Quick Tip.app */ = {isa = PBXFileReference; explicitFileType = wrapper.application; includeInIndex = 0; path = "Quick Tip.app"; sourceTree = BUILT_PRODUCTS_DIR; };
		ADFA209D274935CE0037197B /* AppDelegate.swift */ = {isa = PBXFileReference; lastKnownFileType = sourcecode.swift; path = AppDelegate.swift; sourceTree = "<group>"; };
		ADFA209F274935CE0037197B /* SceneDelegate.swift */ = {isa = PBXFileReference; lastKnownFileType = sourcecode.swift; path = SceneDelegate.swift; sourceTree = "<group>"; };
		ADFA20A1274935CE0037197B /* ViewController.swift */ = {isa = PBXFileReference; lastKnownFileType = sourcecode.swift; path = ViewController.swift; sourceTree = "<group>"; };
		ADFA20A4274935CE0037197B /* Base */ = {isa = PBXFileReference; lastKnownFileType = file.storyboard; name = Base; path = Base.lproj/Main.storyboard; sourceTree = "<group>"; };
		ADFA20A6274935CF0037197B /* Assets.xcassets */ = {isa = PBXFileReference; lastKnownFileType = folder.assetcatalog; path = Assets.xcassets; sourceTree = "<group>"; };
		ADFA20A9274935CF0037197B /* Base */ = {isa = PBXFileReference; lastKnownFileType = file.storyboard; name = Base; path = Base.lproj/LaunchScreen.storyboard; sourceTree = "<group>"; };
		ADFA20AB274935CF0037197B /* Info.plist */ = {isa = PBXFileReference; lastKnownFileType = text.plist.xml; path = Info.plist; sourceTree = "<group>"; };
		ADFA20B0274935D00037197B /* Quick TipTests.xctest */ = {isa = PBXFileReference; explicitFileType = wrapper.cfbundle; includeInIndex = 0; path = "Quick TipTests.xctest"; sourceTree = BUILT_PRODUCTS_DIR; };
		ADFA20B4274935D00037197B /* Quick_TipTests.swift */ = {isa = PBXFileReference; lastKnownFileType = sourcecode.swift; path = Quick_TipTests.swift; sourceTree = "<group>"; };
		ADFA20BA274935D00037197B /* Quick TipUITests.xctest */ = {isa = PBXFileReference; explicitFileType = wrapper.cfbundle; includeInIndex = 0; path = "Quick TipUITests.xctest"; sourceTree = BUILT_PRODUCTS_DIR; };
		ADFA20BE274935D00037197B /* Quick_TipUITests.swift */ = {isa = PBXFileReference; lastKnownFileType = sourcecode.swift; path = Quick_TipUITests.swift; sourceTree = "<group>"; };
		ADFA20C0274935D00037197B /* Quick_TipUITestsLaunchTests.swift */ = {isa = PBXFileReference; lastKnownFileType = sourcecode.swift; path = Quick_TipUITestsLaunchTests.swift; sourceTree = "<group>"; };
		ADFA20CD2749595C0037197B /* SettingsViewController.swift */ = {isa = PBXFileReference; lastKnownFileType = sourcecode.swift; path = SettingsViewController.swift; sourceTree = "<group>"; };
/* End PBXFileReference section */

/* Begin PBXFrameworksBuildPhase section */
		ADFA2097274935CE0037197B /* Frameworks */ = {
			isa = PBXFrameworksBuildPhase;
			buildActionMask = 2147483647;
			files = (
			);
			runOnlyForDeploymentPostprocessing = 0;
		};
		ADFA20AD274935D00037197B /* Frameworks */ = {
			isa = PBXFrameworksBuildPhase;
			buildActionMask = 2147483647;
			files = (
			);
			runOnlyForDeploymentPostprocessing = 0;
		};
		ADFA20B7274935D00037197B /* Frameworks */ = {
			isa = PBXFrameworksBuildPhase;
			buildActionMask = 2147483647;
			files = (
			);
			runOnlyForDeploymentPostprocessing = 0;
		};
/* End PBXFrameworksBuildPhase section */

/* Begin PBXGroup section */
		ADFA2091274935CE0037197B = {
			isa = PBXGroup;
			children = (
				ADFA209C274935CE0037197B /* Quick Tip */,
				ADFA20B3274935D00037197B /* Quick TipTests */,
				ADFA20BD274935D00037197B /* Quick TipUITests */,
				ADFA209B274935CE0037197B /* Products */,
			);
			sourceTree = "<group>";
		};
		ADFA209B274935CE0037197B /* Products */ = {
			isa = PBXGroup;
			children = (
				ADFA209A274935CE0037197B /* Quick Tip.app */,
				ADFA20B0274935D00037197B /* Quick TipTests.xctest */,
				ADFA20BA274935D00037197B /* Quick TipUITests.xctest */,
			);
			name = Products;
			sourceTree = "<group>";
		};
		ADFA209C274935CE0037197B /* Quick Tip */ = {
			isa = PBXGroup;
			children = (
				ADFA209D274935CE0037197B /* AppDelegate.swift */,
				ADFA209F274935CE0037197B /* SceneDelegate.swift */,
				ADFA20A1274935CE0037197B /* ViewController.swift */,
				ADFA20A3274935CE0037197B /* Main.storyboard */,
				ADFA20CD2749595C0037197B /* SettingsViewController.swift */,
				ADFA20A6274935CF0037197B /* Assets.xcassets */,
				ADFA20A8274935CF0037197B /* LaunchScreen.storyboard */,
				ADFA20AB274935CF0037197B /* Info.plist */,
			);
			path = "Quick Tip";
			sourceTree = "<group>";
		};
		ADFA20B3274935D00037197B /* Quick TipTests */ = {
			isa = PBXGroup;
			children = (
				ADFA20B4274935D00037197B /* Quick_TipTests.swift */,
			);
			path = "Quick TipTests";
			sourceTree = "<group>";
		};
		ADFA20BD274935D00037197B /* Quick TipUITests */ = {
			isa = PBXGroup;
			children = (
				ADFA20BE274935D00037197B /* Quick_TipUITests.swift */,
				ADFA20C0274935D00037197B /* Quick_TipUITestsLaunchTests.swift */,
			);
			path = "Quick TipUITests";
			sourceTree = "<group>";
		};
/* End PBXGroup section */

/* Begin PBXNativeTarget section */
		ADFA2099274935CE0037197B /* Quick Tip */ = {
			isa = PBXNativeTarget;
			buildConfigurationList = ADFA20C4274935D00037197B /* Build configuration list for PBXNativeTarget "Quick Tip" */;
			buildPhases = (
				ADFA2096274935CE0037197B /* Sources */,
				ADFA2097274935CE0037197B /* Frameworks */,
				ADFA2098274935CE0037197B /* Resources */,
			);
			buildRules = (
			);
			dependencies = (
			);
			name = "Quick Tip";
			productName = "Quick Tip";
			productReference = ADFA209A274935CE0037197B /* Quick Tip.app */;
			productType = "com.apple.product-type.application";
		};
		ADFA20AF274935D00037197B /* Quick TipTests */ = {
			isa = PBXNativeTarget;
			buildConfigurationList = ADFA20C7274935D00037197B /* Build configuration list for PBXNativeTarget "Quick TipTests" */;
			buildPhases = (
				ADFA20AC274935D00037197B /* Sources */,
				ADFA20AD274935D00037197B /* Frameworks */,
				ADFA20AE274935D00037197B /* Resources */,
			);
			buildRules = (
			);
			dependencies = (
				ADFA20B2274935D00037197B /* PBXTargetDependency */,
			);
			name = "Quick TipTests";
			productName = "Quick TipTests";
			productReference = ADFA20B0274935D00037197B /* Quick TipTests.xctest */;
			productType = "com.apple.product-type.bundle.unit-test";
		};
		ADFA20B9274935D00037197B /* Quick TipUITests */ = {
			isa = PBXNativeTarget;
			buildConfigurationList = ADFA20CA274935D00037197B /* Build configuration list for PBXNativeTarget "Quick TipUITests" */;
			buildPhases = (
				ADFA20B6274935D00037197B /* Sources */,
				ADFA20B7274935D00037197B /* Frameworks */,
				ADFA20B8274935D00037197B /* Resources */,
			);
			buildRules = (
			);
			dependencies = (
				ADFA20BC274935D00037197B /* PBXTargetDependency */,
			);
			name = "Quick TipUITests";
			productName = "Quick TipUITests";
			productReference = ADFA20BA274935D00037197B /* Quick TipUITests.xctest */;
			productType = "com.apple.product-type.bundle.ui-testing";
		};
/* End PBXNativeTarget section */

/* Begin PBXProject section */
		ADFA2092274935CE0037197B /* Project object */ = {
			isa = PBXProject;
			attributes = {
				BuildIndependentTargetsInParallel = 1;
				LastSwiftUpdateCheck = 1310;
				LastUpgradeCheck = 1310;
				TargetAttributes = {
					ADFA2099274935CE0037197B = {
						CreatedOnToolsVersion = 13.1;
					};
					ADFA20AF274935D00037197B = {
						CreatedOnToolsVersion = 13.1;
						TestTargetID = ADFA2099274935CE0037197B;
					};
					ADFA20B9274935D00037197B = {
						CreatedOnToolsVersion = 13.1;
						TestTargetID = ADFA2099274935CE0037197B;
					};
				};
			};
			buildConfigurationList = ADFA2095274935CE0037197B /* Build configuration list for PBXProject "Quick Tip" */;
			compatibilityVersion = "Xcode 13.0";
			developmentRegion = en;
			hasScannedForEncodings = 0;
			knownRegions = (
				en,
				Base,
			);
			mainGroup = ADFA2091274935CE0037197B;
			productRefGroup = ADFA209B274935CE0037197B /* Products */;
			projectDirPath = "";
			projectRoot = "";
			targets = (
				ADFA2099274935CE0037197B /* Quick Tip */,
				ADFA20AF274935D00037197B /* Quick TipTests */,
				ADFA20B9274935D00037197B /* Quick TipUITests */,
			);
		};
/* End PBXProject section */

/* Begin PBXResourcesBuildPhase section */
		ADFA2098274935CE0037197B /* Resources */ = {
			isa = PBXResourcesBuildPhase;
			buildActionMask = 2147483647;
			files = (
				ADFA20AA274935CF0037197B /* LaunchScreen.storyboard in Resources */,
				ADFA20A7274935CF0037197B /* Assets.xcassets in Resources */,
				ADFA20A5274935CE0037197B /* Main.storyboard in Resources */,
			);
			runOnlyForDeploymentPostprocessing = 0;
		};
		ADFA20AE274935D00037197B /* Resources */ = {
			isa = PBXResourcesBuildPhase;
			buildActionMask = 2147483647;
			files = (
			);
			runOnlyForDeploymentPostprocessing = 0;
		};
		ADFA20B8274935D00037197B /* Resources */ = {
			isa = PBXResourcesBuildPhase;
			buildActionMask = 2147483647;
			files = (
			);
			runOnlyForDeploymentPostprocessing = 0;
		};
/* End PBXResourcesBuildPhase section */

/* Begin PBXSourcesBuildPhase section */
		ADFA2096274935CE0037197B /* Sources */ = {
			isa = PBXSourcesBuildPhase;
			buildActionMask = 2147483647;
			files = (
				ADFA20A2274935CE0037197B /* ViewController.swift in Sources */,
				ADFA209E274935CE0037197B /* AppDelegate.swift in Sources */,
				ADFA20A0274935CE0037197B /* SceneDelegate.swift in Sources */,
				ADFA20CE2749595C0037197B /* SettingsViewController.swift in Sources */,
			);
			runOnlyForDeploymentPostprocessing = 0;
		};
		ADFA20AC274935D00037197B /* Sources */ = {
			isa = PBXSourcesBuildPhase;
			buildActionMask = 2147483647;
			files = (
				ADFA20B5274935D00037197B /* Quick_TipTests.swift in Sources */,
			);
			runOnlyForDeploymentPostprocessing = 0;
		};
		ADFA20B6274935D00037197B /* Sources */ = {
			isa = PBXSourcesBuildPhase;
			buildActionMask = 2147483647;
			files = (
				ADFA20C1274935D00037197B /* Quick_TipUITestsLaunchTests.swift in Sources */,
				ADFA20BF274935D00037197B /* Quick_TipUITests.swift in Sources */,
			);
			runOnlyForDeploymentPostprocessing = 0;
		};
/* End PBXSourcesBuildPhase section */

/* Begin PBXTargetDependency section */
		ADFA20B2274935D00037197B /* PBXTargetDependency */ = {
			isa = PBXTargetDependency;
			target = ADFA2099274935CE0037197B /* Quick Tip */;
			targetProxy = ADFA20B1274935D00037197B /* PBXContainerItemProxy */;
		};
		ADFA20BC274935D00037197B /* PBXTargetDependency */ = {
			isa = PBXTargetDependency;
			target = ADFA2099274935CE0037197B /* Quick Tip */;
			targetProxy = ADFA20BB274935D00037197B /* PBXContainerItemProxy */;
		};
/* End PBXTargetDependency section */

/* Begin PBXVariantGroup section */
		ADFA20A3274935CE0037197B /* Main.storyboard */ = {
			isa = PBXVariantGroup;
			children = (
				ADFA20A4274935CE0037197B /* Base */,
			);
			name = Main.storyboard;
			sourceTree = "<group>";
		};
		ADFA20A8274935CF0037197B /* LaunchScreen.storyboard */ = {
			isa = PBXVariantGroup;
			children = (
				ADFA20A9274935CF0037197B /* Base */,
			);
			name = LaunchScreen.storyboard;
			sourceTree = "<group>";
		};
/* End PBXVariantGroup section */

/* Begin XCBuildConfiguration section */
		ADFA20C2274935D00037197B /* Debug */ = {
			isa = XCBuildConfiguration;
			buildSettings = {
				ALWAYS_SEARCH_USER_PATHS = NO;
				CLANG_ANALYZER_NONNULL = YES;
				CLANG_ANALYZER_NUMBER_OBJECT_CONVERSION = YES_AGGRESSIVE;
				CLANG_CXX_LANGUAGE_STANDARD = "gnu++17";
				CLANG_CXX_LIBRARY = "libc++";
				CLANG_ENABLE_MODULES = YES;
				CLANG_ENABLE_OBJC_ARC = YES;
				CLANG_ENABLE_OBJC_WEAK = YES;
				CLANG_WARN_BLOCK_CAPTURE_AUTORELEASING = YES;
				CLANG_WARN_BOOL_CONVERSION = YES;
				CLANG_WARN_COMMA = YES;
				CLANG_WARN_CONSTANT_CONVERSION = YES;
				CLANG_WARN_DEPRECATED_OBJC_IMPLEMENTATIONS = YES;
				CLANG_WARN_DIRECT_OBJC_ISA_USAGE = YES_ERROR;
				CLANG_WARN_DOCUMENTATION_COMMENTS = YES;
				CLANG_WARN_EMPTY_BODY = YES;
				CLANG_WARN_ENUM_CONVERSION = YES;
				CLANG_WARN_INFINITE_RECURSION = YES;
				CLANG_WARN_INT_CONVERSION = YES;
				CLANG_WARN_NON_LITERAL_NULL_CONVERSION = YES;
				CLANG_WARN_OBJC_IMPLICIT_RETAIN_SELF = YES;
				CLANG_WARN_OBJC_LITERAL_CONVERSION = YES;
				CLANG_WARN_OBJC_ROOT_CLASS = YES_ERROR;
				CLANG_WARN_QUOTED_INCLUDE_IN_FRAMEWORK_HEADER = YES;
				CLANG_WARN_RANGE_LOOP_ANALYSIS = YES;
				CLANG_WARN_STRICT_PROTOTYPES = YES;
				CLANG_WARN_SUSPICIOUS_MOVE = YES;
				CLANG_WARN_UNGUARDED_AVAILABILITY = YES_AGGRESSIVE;
				CLANG_WARN_UNREACHABLE_CODE = YES;
				CLANG_WARN__DUPLICATE_METHOD_MATCH = YES;
				COPY_PHASE_STRIP = NO;
				DEBUG_INFORMATION_FORMAT = dwarf;
				ENABLE_STRICT_OBJC_MSGSEND = YES;
				ENABLE_TESTABILITY = YES;
				GCC_C_LANGUAGE_STANDARD = gnu11;
				GCC_DYNAMIC_NO_PIC = NO;
				GCC_NO_COMMON_BLOCKS = YES;
				GCC_OPTIMIZATION_LEVEL = 0;
				GCC_PREPROCESSOR_DEFINITIONS = (
					"DEBUG=1",
					"$(inherited)",
				);
				GCC_WARN_64_TO_32_BIT_CONVERSION = YES;
				GCC_WARN_ABOUT_RETURN_TYPE = YES_ERROR;
				GCC_WARN_UNDECLARED_SELECTOR = YES;
				GCC_WARN_UNINITIALIZED_AUTOS = YES_AGGRESSIVE;
				GCC_WARN_UNUSED_FUNCTION = YES;
				GCC_WARN_UNUSED_VARIABLE = YES;
				IPHONEOS_DEPLOYMENT_TARGET = 15.0;
				MTL_ENABLE_DEBUG_INFO = INCLUDE_SOURCE;
				MTL_FAST_MATH = YES;
				ONLY_ACTIVE_ARCH = YES;
				SDKROOT = iphoneos;
				SWIFT_ACTIVE_COMPILATION_CONDITIONS = DEBUG;
				SWIFT_OPTIMIZATION_LEVEL = "-Onone";
			};
			name = Debug;
		};
		ADFA20C3274935D00037197B /* Release */ = {
			isa = XCBuildConfiguration;
			buildSettings = {
				ALWAYS_SEARCH_USER_PATHS = NO;
				CLANG_ANALYZER_NONNULL = YES;
				CLANG_ANALYZER_NUMBER_OBJECT_CONVERSION = YES_AGGRESSIVE;
				CLANG_CXX_LANGUAGE_STANDARD = "gnu++17";
				CLANG_CXX_LIBRARY = "libc++";
				CLANG_ENABLE_MODULES = YES;
				CLANG_ENABLE_OBJC_ARC = YES;
				CLANG_ENABLE_OBJC_WEAK = YES;
				CLANG_WARN_BLOCK_CAPTURE_AUTORELEASING = YES;
				CLANG_WARN_BOOL_CONVERSION = YES;
				CLANG_WARN_COMMA = YES;
				CLANG_WARN_CONSTANT_CONVERSION = YES;
				CLANG_WARN_DEPRECATED_OBJC_IMPLEMENTATIONS = YES;
				CLANG_WARN_DIRECT_OBJC_ISA_USAGE = YES_ERROR;
				CLANG_WARN_DOCUMENTATION_COMMENTS = YES;
				CLANG_WARN_EMPTY_BODY = YES;
				CLANG_WARN_ENUM_CONVERSION = YES;
				CLANG_WARN_INFINITE_RECURSION = YES;
				CLANG_WARN_INT_CONVERSION = YES;
				CLANG_WARN_NON_LITERAL_NULL_CONVERSION = YES;
				CLANG_WARN_OBJC_IMPLICIT_RETAIN_SELF = YES;
				CLANG_WARN_OBJC_LITERAL_CONVERSION = YES;
				CLANG_WARN_OBJC_ROOT_CLASS = YES_ERROR;
				CLANG_WARN_QUOTED_INCLUDE_IN_FRAMEWORK_HEADER = YES;
				CLANG_WARN_RANGE_LOOP_ANALYSIS = YES;
				CLANG_WARN_STRICT_PROTOTYPES = YES;
				CLANG_WARN_SUSPICIOUS_MOVE = YES;
				CLANG_WARN_UNGUARDED_AVAILABILITY = YES_AGGRESSIVE;
				CLANG_WARN_UNREACHABLE_CODE = YES;
				CLANG_WARN__DUPLICATE_METHOD_MATCH = YES;
				COPY_PHASE_STRIP = NO;
				DEBUG_INFORMATION_FORMAT = "dwarf-with-dsym";
				ENABLE_NS_ASSERTIONS = NO;
				ENABLE_STRICT_OBJC_MSGSEND = YES;
				GCC_C_LANGUAGE_STANDARD = gnu11;
				GCC_NO_COMMON_BLOCKS = YES;
				GCC_WARN_64_TO_32_BIT_CONVERSION = YES;
				GCC_WARN_ABOUT_RETURN_TYPE = YES_ERROR;
				GCC_WARN_UNDECLARED_SELECTOR = YES;
				GCC_WARN_UNINITIALIZED_AUTOS = YES_AGGRESSIVE;
				GCC_WARN_UNUSED_FUNCTION = YES;
				GCC_WARN_UNUSED_VARIABLE = YES;
				IPHONEOS_DEPLOYMENT_TARGET = 15.0;
				MTL_ENABLE_DEBUG_INFO = NO;
				MTL_FAST_MATH = YES;
				SDKROOT = iphoneos;
				SWIFT_COMPILATION_MODE = wholemodule;
				SWIFT_OPTIMIZATION_LEVEL = "-O";
				VALIDATE_PRODUCT = YES;
			};
			name = Release;
		};
		ADFA20C5274935D00037197B /* Debug */ = {
			isa = XCBuildConfiguration;
			buildSettings = {
				ASSETCATALOG_COMPILER_APPICON_NAME = AppIcon;
				ASSETCATALOG_COMPILER_GLOBAL_ACCENT_COLOR_NAME = AccentColor;
				CODE_SIGN_STYLE = Automatic;
				CURRENT_PROJECT_VERSION = 1;
				GENERATE_INFOPLIST_FILE = YES;
				INFOPLIST_FILE = "Quick Tip/Info.plist";
				INFOPLIST_KEY_UIApplicationSupportsIndirectInputEvents = YES;
				INFOPLIST_KEY_UILaunchStoryboardName = LaunchScreen;
				INFOPLIST_KEY_UIMainStoryboardFile = Main;
				INFOPLIST_KEY_UISupportedInterfaceOrientations_iPad = "UIInterfaceOrientationPortrait UIInterfaceOrientationPortraitUpsideDown UIInterfaceOrientationLandscapeLeft UIInterfaceOrientationLandscapeRight";
				INFOPLIST_KEY_UISupportedInterfaceOrientations_iPhone = "UIInterfaceOrientationPortrait UIInterfaceOrientationLandscapeLeft UIInterfaceOrientationLandscapeRight";
				LD_RUNPATH_SEARCH_PATHS = (
					"$(inherited)",
					"@executable_path/Frameworks",
				);
				MARKETING_VERSION = 1.0;
				PRODUCT_BUNDLE_IDENTIFIER = "jcmk.net.Quick-Tip";
				PRODUCT_NAME = "$(TARGET_NAME)";
				SWIFT_EMIT_LOC_STRINGS = YES;
				SWIFT_VERSION = 5.0;
				TARGETED_DEVICE_FAMILY = "1,2";
			};
			name = Debug;
		};
		ADFA20C6274935D00037197B /* Release */ = {
			isa = XCBuildConfiguration;
			buildSettings = {
				ASSETCATALOG_COMPILER_APPICON_NAME = AppIcon;
				ASSETCATALOG_COMPILER_GLOBAL_ACCENT_COLOR_NAME = AccentColor;
				CODE_SIGN_STYLE = Automatic;
				CURRENT_PROJECT_VERSION = 1;
				GENERATE_INFOPLIST_FILE = YES;
				INFOPLIST_FILE = "Quick Tip/Info.plist";
				INFOPLIST_KEY_UIApplicationSupportsIndirectInputEvents = YES;
				INFOPLIST_KEY_UILaunchStoryboardName = LaunchScreen;
				INFOPLIST_KEY_UIMainStoryboardFile = Main;
				INFOPLIST_KEY_UISupportedInterfaceOrientations_iPad = "UIInterfaceOrientationPortrait UIInterfaceOrientationPortraitUpsideDown UIInterfaceOrientationLandscapeLeft UIInterfaceOrientationLandscapeRight";
				INFOPLIST_KEY_UISupportedInterfaceOrientations_iPhone = "UIInterfaceOrientationPortrait UIInterfaceOrientationLandscapeLeft UIInterfaceOrientationLandscapeRight";
				LD_RUNPATH_SEARCH_PATHS = (
					"$(inherited)",
					"@executable_path/Frameworks",
				);
				MARKETING_VERSION = 1.0;
				PRODUCT_BUNDLE_IDENTIFIER = "jcmk.net.Quick-Tip";
				PRODUCT_NAME = "$(TARGET_NAME)";
				SWIFT_EMIT_LOC_STRINGS = YES;
				SWIFT_VERSION = 5.0;
				TARGETED_DEVICE_FAMILY = "1,2";
			};
			name = Release;
		};
		ADFA20C8274935D00037197B /* Debug */ = {
			isa = XCBuildConfiguration;
			buildSettings = {
				ALWAYS_EMBED_SWIFT_STANDARD_LIBRARIES = YES;
				BUNDLE_LOADER = "$(TEST_HOST)";
				CODE_SIGN_STYLE = Automatic;
				CURRENT_PROJECT_VERSION = 1;
				GENERATE_INFOPLIST_FILE = YES;
				IPHONEOS_DEPLOYMENT_TARGET = 15.0;
				LD_RUNPATH_SEARCH_PATHS = (
					"$(inherited)",
					"@executable_path/Frameworks",
					"@loader_path/Frameworks",
				);
				MARKETING_VERSION = 1.0;
				PRODUCT_BUNDLE_IDENTIFIER = "jcmk.net.Quick-TipTests";
				PRODUCT_NAME = "$(TARGET_NAME)";
				SWIFT_EMIT_LOC_STRINGS = NO;
				SWIFT_VERSION = 5.0;
				TARGETED_DEVICE_FAMILY = "1,2";
				TEST_HOST = "$(BUILT_PRODUCTS_DIR)/Quick Tip.app/Quick Tip";
			};
			name = Debug;
		};
		ADFA20C9274935D00037197B /* Release */ = {
			isa = XCBuildConfiguration;
			buildSettings = {
				ALWAYS_EMBED_SWIFT_STANDARD_LIBRARIES = YES;
				BUNDLE_LOADER = "$(TEST_HOST)";
				CODE_SIGN_STYLE = Automatic;
				CURRENT_PROJECT_VERSION = 1;
				GENERATE_INFOPLIST_FILE = YES;
				IPHONEOS_DEPLOYMENT_TARGET = 15.0;
				LD_RUNPATH_SEARCH_PATHS = (
					"$(inherited)",
					"@executable_path/Frameworks",
					"@loader_path/Frameworks",
				);
				MARKETING_VERSION = 1.0;
				PRODUCT_BUNDLE_IDENTIFIER = "jcmk.net.Quick-TipTests";
				PRODUCT_NAME = "$(TARGET_NAME)";
				SWIFT_EMIT_LOC_STRINGS = NO;
				SWIFT_VERSION = 5.0;
				TARGETED_DEVICE_FAMILY = "1,2";
				TEST_HOST = "$(BUILT_PRODUCTS_DIR)/Quick Tip.app/Quick Tip";
			};
			name = Release;
		};
		ADFA20CB274935D00037197B /* Debug */ = {
			isa = XCBuildConfiguration;
			buildSettings = {
				ALWAYS_EMBED_SWIFT_STANDARD_LIBRARIES = YES;
				CODE_SIGN_STYLE = Automatic;
				CURRENT_PROJECT_VERSION = 1;
				GENERATE_INFOPLIST_FILE = YES;
				LD_RUNPATH_SEARCH_PATHS = (
					"$(inherited)",
					"@executable_path/Frameworks",
					"@loader_path/Frameworks",
				);
				MARKETING_VERSION = 1.0;
				PRODUCT_BUNDLE_IDENTIFIER = "jcmk.net.Quick-TipUITests";
				PRODUCT_NAME = "$(TARGET_NAME)";
				SWIFT_EMIT_LOC_STRINGS = NO;
				SWIFT_VERSION = 5.0;
				TARGETED_DEVICE_FAMILY = "1,2";
				TEST_TARGET_NAME = "Quick Tip";
			};
			name = Debug;
		};
		ADFA20CC274935D00037197B /* Release */ = {
			isa = XCBuildConfiguration;
			buildSettings = {
				ALWAYS_EMBED_SWIFT_STANDARD_LIBRARIES = YES;
				CODE_SIGN_STYLE = Automatic;
				CURRENT_PROJECT_VERSION = 1;
				GENERATE_INFOPLIST_FILE = YES;
				LD_RUNPATH_SEARCH_PATHS = (
					"$(inherited)",
					"@executable_path/Frameworks",
					"@loader_path/Frameworks",
				);
				MARKETING_VERSION = 1.0;
				PRODUCT_BUNDLE_IDENTIFIER = "jcmk.net.Quick-TipUITests";
				PRODUCT_NAME = "$(TARGET_NAME)";
				SWIFT_EMIT_LOC_STRINGS = NO;
				SWIFT_VERSION = 5.0;
				TARGETED_DEVICE_FAMILY = "1,2";
				TEST_TARGET_NAME = "Quick Tip";
			};
			name = Release;
		};
/* End XCBuildConfiguration section */

/* Begin XCConfigurationList section */
		ADFA2095274935CE0037197B /* Build configuration list for PBXProject "Quick Tip" */ = {
			isa = XCConfigurationList;
			buildConfigurations = (
				ADFA20C2274935D00037197B /* Debug */,
				ADFA20C3274935D00037197B /* Release */,
			);
			defaultConfigurationIsVisible = 0;
			defaultConfigurationName = Release;
		};
		ADFA20C4274935D00037197B /* Build configuration list for PBXNativeTarget "Quick Tip" */ = {
			isa = XCConfigurationList;
			buildConfigurations = (
				ADFA20C5274935D00037197B /* Debug */,
				ADFA20C6274935D00037197B /* Release */,
			);
			defaultConfigurationIsVisible = 0;
			defaultConfigurationName = Release;
		};
		ADFA20C7274935D00037197B /* Build configuration list for PBXNativeTarget "Quick TipTests" */ = {
			isa = XCConfigurationList;
			buildConfigurations = (
				ADFA20C8274935D00037197B /* Debug */,
				ADFA20C9274935D00037197B /* Release */,
			);
			defaultConfigurationIsVisible = 0;
			defaultConfigurationName = Release;
		};
		ADFA20CA274935D00037197B /* Build configuration list for PBXNativeTarget "Quick TipUITests" */ = {
			isa = XCConfigurationList;
			buildConfigurations = (
				ADFA20CB274935D00037197B /* Debug */,
				ADFA20CC274935D00037197B /* Release */,
			);
			defaultConfigurationIsVisible = 0;
			defaultConfigurationName = Release;
		};
/* End XCConfigurationList section */
	};
	rootObject = ADFA2092274935CE0037197B /* Project object */;
}
